// !$*UTF8*$!
{
	archiveVersion = 1;
	classes = {
	};
	objectVersion = 77;
	objects = {

/* Begin PBXBuildFile section */
		459297132F33768800926E80 /* FinderSyncExtension.appex in Embed Foundation Extensions */ = {isa = PBXBuildFile; fileRef = 4592970B2F33768800926E80 /* FinderSyncExtension.appex */; settings = {ATTRIBUTES = (RemoveHeadersOnCopy, ); }; };
		4592975E2F337A4400926E80 /* Constants.swift in Sources */ = {isa = PBXBuildFile; fileRef = 4592975C2F337A4400926E80 /* Constants.swift */; };
		45A0E0012F1234567890ABCD /* Constants.swift in Sources */ = {isa = PBXBuildFile; fileRef = 4592975C2F337A4400926E80 /* Constants.swift */; };
/* End PBXBuildFile section */

/* Begin PBXContainerItemProxy section */
		459296BE2F336FE400926E80 /* PBXContainerItemProxy */ = {
			isa = PBXContainerItemProxy;
			containerPortal = 459296A42F336FE300926E80 /* Project object */;
			proxyType = 1;
			remoteGlobalIDString = 459296AB2F336FE300926E80;
			remoteInfo = MacOS_FC;
		};
		459296C82F336FE400926E80 /* PBXContainerItemProxy */ = {
			isa = PBXContainerItemProxy;
			containerPortal = 459296A42F336FE300926E80 /* Project object */;
			proxyType = 1;
			remoteGlobalIDString = 459296AB2F336FE300926E80;
			remoteInfo = MacOS_FC;
		};
		459297112F33768800926E80 /* PBXContainerItemProxy */ = {
			isa = PBXContainerItemProxy;
			containerPortal = 459296A42F336FE300926E80 /* Project object */;
			proxyType = 1;
			remoteGlobalIDString = 4592970A2F33768800926E80;
			remoteInfo = FinderSyncExtension;
		};
/* End PBXContainerItemProxy section */

/* Begin PBXCopyFilesBuildPhase section */
		459297182F33768800926E80 /* Embed Foundation Extensions */ = {
			isa = PBXCopyFilesBuildPhase;
			buildActionMask = 2147483647;
			dstPath = "";
			dstSubfolderSpec = 13;
			files = (
				459297132F33768800926E80 /* FinderSyncExtension.appex in Embed Foundation Extensions */,
			);
			name = "Embed Foundation Extensions";
			runOnlyForDeploymentPostprocessing = 0;
		};
/* End PBXCopyFilesBuildPhase section */

/* Begin PBXFileReference section */
		459296AC2F336FE300926E80 /* 法穿AI.app */ = {isa = PBXFileReference; explicitFileType = wrapper.application; includeInIndex = 0; path = "法穿AI.app"; sourceTree = BUILT_PRODUCTS_DIR; };
		459296BD2F336FE400926E80 /* 法穿AITests.xctest */ = {isa = PBXFileReference; explicitFileType = wrapper.cfbundle; includeInIndex = 0; path = "法穿AITests.xctest"; sourceTree = BUILT_PRODUCTS_DIR; };
		459296C72F336FE400926E80 /* 法穿AIUITests.xctest */ = {isa = PBXFileReference; explicitFileType = wrapper.cfbundle; includeInIndex = 0; path = "法穿AIUITests.xctest"; sourceTree = BUILT_PRODUCTS_DIR; };
		4592970B2F33768800926E80 /* FinderSyncExtension.appex */ = {isa = PBXFileReference; explicitFileType = "wrapper.app-extension"; includeInIndex = 0; path = FinderSyncExtension.appex; sourceTree = BUILT_PRODUCTS_DIR; };
		4592975C2F337A4400926E80 /* Constants.swift */ = {isa = PBXFileReference; lastKnownFileType = sourcecode.swift; path = Constants.swift; sourceTree = "<group>"; };
/* End PBXFileReference section */

/* Begin PBXFileSystemSynchronizedBuildFileExceptionSet section */
		459297142F33768800926E80 /* Exceptions for "FinderSyncExtension" folder in "FinderSyncExtension" target */ = {
			isa = PBXFileSystemSynchronizedBuildFileExceptionSet;
			membershipExceptions = (
				Info.plist,
			);
			target = 4592970A2F33768800926E80 /* FinderSyncExtension */;
		};
/* End PBXFileSystemSynchronizedBuildFileExceptionSet section */

/* Begin PBXFileSystemSynchronizedRootGroup section */
		459296AE2F336FE300926E80 /* MacOS_FC */ = {
			isa = PBXFileSystemSynchronizedRootGroup;
			path = MacOS_FC;
			sourceTree = "<group>";
		};
		459296C02F336FE400926E80 /* MacOS_FCTests */ = {
			isa = PBXFileSystemSynchronizedRootGroup;
			path = MacOS_FCTests;
			sourceTree = "<group>";
		};
		459296CA2F336FE400926E80 /* MacOS_FCUITests */ = {
			isa = PBXFileSystemSynchronizedRootGroup;
			path = MacOS_FCUITests;
			sourceTree = "<group>";
		};
		4592970C2F33768800926E80 /* FinderSyncExtension */ = {
			isa = PBXFileSystemSynchronizedRootGroup;
			exceptions = (
				459297142F33768800926E80 /* Exceptions for "FinderSyncExtension" folder in "FinderSyncExtension" target */,
			);
			path = FinderSyncExtension;
			sourceTree = "<group>";
		};
/* End PBXFileSystemSynchronizedRootGroup section */

/* Begin PBXFrameworksBuildPhase section */
		459296A92F336FE300926E80 /* Frameworks */ = {
			isa = PBXFrameworksBuildPhase;
			buildActionMask = 2147483647;
			files = (
			);
			runOnlyForDeploymentPostprocessing = 0;
		};
		459296BA2F336FE400926E80 /* Frameworks */ = {
			isa = PBXFrameworksBuildPhase;
			buildActionMask = 2147483647;
			files = (
			);
			runOnlyForDeploymentPostprocessing = 0;
		};
		459296C42F336FE400926E80 /* Frameworks */ = {
			isa = PBXFrameworksBuildPhase;
			buildActionMask = 2147483647;
			files = (
			);
			runOnlyForDeploymentPostprocessing = 0;
		};
		459297082F33768800926E80 /* Frameworks */ = {
			isa = PBXFrameworksBuildPhase;
			buildActionMask = 2147483647;
			files = (
			);
			runOnlyForDeploymentPostprocessing = 0;
		};
/* End PBXFrameworksBuildPhase section */

/* Begin PBXGroup section */
		459296A32F336FE300926E80 = {
			isa = PBXGroup;
			children = (
				4592975D2F337A4400926E80 /* Shared */,
				459296AE2F336FE300926E80 /* MacOS_FC */,
				459296C02F336FE400926E80 /* MacOS_FCTests */,
				459296CA2F336FE400926E80 /* MacOS_FCUITests */,
				4592970C2F33768800926E80 /* FinderSyncExtension */,
				459296AD2F336FE300926E80 /* Products */,
			);
			sourceTree = "<group>";
		};
		459296AD2F336FE300926E80 /* Products */ = {
			isa = PBXGroup;
			children = (
				459296AC2F336FE300926E80 /* 法穿AI.app */,
				459296BD2F336FE400926E80 /* 法穿AITests.xctest */,
				459296C72F336FE400926E80 /* 法穿AIUITests.xctest */,
				4592970B2F33768800926E80 /* FinderSyncExtension.appex */,
			);
			name = Products;
			sourceTree = "<group>";
		};
		4592975D2F337A4400926E80 /* Shared */ = {
			isa = PBXGroup;
			children = (
				4592975C2F337A4400926E80 /* Constants.swift */,
			);
			path = Shared;
			sourceTree = "<group>";
		};
/* End PBXGroup section */

/* Begin PBXNativeTarget section */
		459296AB2F336FE300926E80 /* 法穿AI */ = {
			isa = PBXNativeTarget;
			buildConfigurationList = 459296D12F336FE400926E80 /* Build configuration list for PBXNativeTarget "法穿AI" */;
			buildPhases = (
				459296A82F336FE300926E80 /* Sources */,
				459296A92F336FE300926E80 /* Frameworks */,
				459296AA2F336FE300926E80 /* Resources */,
				459297182F33768800926E80 /* Embed Foundation Extensions */,
			);
			buildRules = (
			);
			dependencies = (
				459297122F33768800926E80 /* PBXTargetDependency */,
			);
			fileSystemSynchronizedGroups = (
				459296AE2F336FE300926E80 /* MacOS_FC */,
			);
			name = "法穿AI";
			packageProductDependencies = (
			);
			productName = MacOS_FC;
			productReference = 459296AC2F336FE300926E80 /* 法穿AI.app */;
			productType = "com.apple.product-type.application";
		};
		459296BC2F336FE400926E80 /* 法穿AITests */ = {
			isa = PBXNativeTarget;
			buildConfigurationList = 459296D42F336FE400926E80 /* Build configuration list for PBXNativeTarget "法穿AITests" */;
			buildPhases = (
				459296B92F336FE400926E80 /* Sources */,
				459296BA2F336FE400926E80 /* Frameworks */,
				459296BB2F336FE400926E80 /* Resources */,
			);
			buildRules = (
			);
			dependencies = (
				459296BF2F336FE400926E80 /* PBXTargetDependency */,
			);
			fileSystemSynchronizedGroups = (
				459296C02F336FE400926E80 /* MacOS_FCTests */,
			);
			name = "法穿AITests";
			packageProductDependencies = (
			);
			productName = MacOS_FCTests;
			productReference = 459296BD2F336FE400926E80 /* 法穿AITests.xctest */;
			productType = "com.apple.product-type.bundle.unit-test";
		};
		459296C62F336FE400926E80 /* 法穿AIUITests */ = {
			isa = PBXNativeTarget;
			buildConfigurationList = 459296D72F336FE400926E80 /* Build configuration list for PBXNativeTarget "法穿AIUITests" */;
			buildPhases = (
				459296C32F336FE400926E80 /* Sources */,
				459296C42F336FE400926E80 /* Frameworks */,
				459296C52F336FE400926E80 /* Resources */,
			);
			buildRules = (
			);
			dependencies = (
				459296C92F336FE400926E80 /* PBXTargetDependency */,
			);
			fileSystemSynchronizedGroups = (
				459296CA2F336FE400926E80 /* MacOS_FCUITests */,
			);
			name = "法穿AIUITests";
			packageProductDependencies = (
			);
			productName = MacOS_FCUITests;
			productReference = 459296C72F336FE400926E80 /* 法穿AIUITests.xctest */;
			productType = "com.apple.product-type.bundle.ui-testing";
		};
		4592970A2F33768800926E80 /* FinderSyncExtension */ = {
			isa = PBXNativeTarget;
			buildConfigurationList = 459297152F33768800926E80 /* Build configuration list for PBXNativeTarget "FinderSyncExtension" */;
			buildPhases = (
				459297072F33768800926E80 /* Sources */,
				459297082F33768800926E80 /* Frameworks */,
				459297092F33768800926E80 /* Resources */,
			);
			buildRules = (
			);
			dependencies = (
			);
			fileSystemSynchronizedGroups = (
				4592970C2F33768800926E80 /* FinderSyncExtension */,
			);
			name = FinderSyncExtension;
			packageProductDependencies = (
			);
			productName = FinderSyncExtension;
			productReference = 4592970B2F33768800926E80 /* FinderSyncExtension.appex */;
			productType = "com.apple.product-type.app-extension";
		};
/* End PBXNativeTarget section */

/* Begin PBXProject section */
		459296A42F336FE300926E80 /* Project object */ = {
			isa = PBXProject;
			attributes = {
				BuildIndependentTargetsInParallel = 1;
				LastSwiftUpdateCheck = 1610;
				LastUpgradeCheck = 1610;
				TargetAttributes = {
					459296AB2F336FE300926E80 = {
						CreatedOnToolsVersion = 16.1;
					};
					459296BC2F336FE400926E80 = {
						CreatedOnToolsVersion = 16.1;
						TestTargetID = 459296AB2F336FE300926E80;
					};
					459296C62F336FE400926E80 = {
						CreatedOnToolsVersion = 16.1;
						TestTargetID = 459296AB2F336FE300926E80;
					};
					4592970A2F33768800926E80 = {
						CreatedOnToolsVersion = 16.1;
					};
				};
			};
			buildConfigurationList = 459296A72F336FE300926E80 /* Build configuration list for PBXProject "法穿AI" */;
			developmentRegion = en;
			hasScannedForEncodings = 0;
			knownRegions = (
				en,
				Base,
			);
			mainGroup = 459296A32F336FE300926E80;
			minimizedProjectReferenceProxies = 1;
			preferredProjectObjectVersion = 77;
			productRefGroup = 459296AD2F336FE300926E80 /* Products */;
			projectDirPath = "";
			projectRoot = "";
			targets = (
				459296AB2F336FE300926E80 /* 法穿AI */,
				459296BC2F336FE400926E80 /* 法穿AITests */,
				459296C62F336FE400926E80 /* 法穿AIUITests */,
				4592970A2F33768800926E80 /* FinderSyncExtension */,
			);
		};
/* End PBXProject section */

/* Begin PBXResourcesBuildPhase section */
		459296AA2F336FE300926E80 /* Resources */ = {
			isa = PBXResourcesBuildPhase;
			buildActionMask = 2147483647;
			files = (
			);
			runOnlyForDeploymentPostprocessing = 0;
		};
		459296BB2F336FE400926E80 /* Resources */ = {
			isa = PBXResourcesBuildPhase;
			buildActionMask = 2147483647;
			files = (
			);
			runOnlyForDeploymentPostprocessing = 0;
		};
		459296C52F336FE400926E80 /* Resources */ = {
			isa = PBXResourcesBuildPhase;
			buildActionMask = 2147483647;
			files = (
			);
			runOnlyForDeploymentPostprocessing = 0;
		};
		459297092F33768800926E80 /* Resources */ = {
			isa = PBXResourcesBuildPhase;
			buildActionMask = 2147483647;
			files = (
			);
			runOnlyForDeploymentPostprocessing = 0;
		};
/* End PBXResourcesBuildPhase section */

/* Begin PBXSourcesBuildPhase section */
		459296A82F336FE300926E80 /* Sources */ = {
			isa = PBXSourcesBuildPhase;
			buildActionMask = 2147483647;
			files = (
				4592975E2F337A4400926E80 /* Constants.swift in Sources */,
			);
			runOnlyForDeploymentPostprocessing = 0;
		};
		459296B92F336FE400926E80 /* Sources */ = {
			isa = PBXSourcesBuildPhase;
			buildActionMask = 2147483647;
			files = (
			);
			runOnlyForDeploymentPostprocessing = 0;
		};
		459296C32F336FE400926E80 /* Sources */ = {
			isa = PBXSourcesBuildPhase;
			buildActionMask = 2147483647;
			files = (
			);
			runOnlyForDeploymentPostprocessing = 0;
		};
		459297072F33768800926E80 /* Sources */ = {
			isa = PBXSourcesBuildPhase;
			buildActionMask = 2147483647;
			files = (
				45A0E0012F1234567890ABCD /* Constants.swift in Sources */,
			);
			runOnlyForDeploymentPostprocessing = 0;
		};
/* End PBXSourcesBuildPhase section */

/* Begin PBXTargetDependency section */
		459296BF2F336FE400926E80 /* PBXTargetDependency */ = {
			isa = PBXTargetDependency;
			target = 459296AB2F336FE300926E80 /* 法穿AI */;
			targetProxy = 459296BE2F336FE400926E80 /* PBXContainerItemProxy */;
		};
		459296C92F336FE400926E80 /* PBXTargetDependency */ = {
			isa = PBXTargetDependency;
			target = 459296AB2F336FE300926E80 /* 法穿AI */;
			targetProxy = 459296C82F336FE400926E80 /* PBXContainerItemProxy */;
		};
		459297122F33768800926E80 /* PBXTargetDependency */ = {
			isa = PBXTargetDependency;
			target = 4592970A2F33768800926E80 /* FinderSyncExtension */;
			targetProxy = 459297112F33768800926E80 /* PBXContainerItemProxy */;
		};
/* End PBXTargetDependency section */

/* Begin XCBuildConfiguration section */
		459296CF2F336FE400926E80 /* Debug */ = {
			isa = XCBuildConfiguration;
			buildSettings = {
				ALWAYS_SEARCH_USER_PATHS = NO;
				ASSETCATALOG_COMPILER_GENERATE_SWIFT_ASSET_SYMBOL_EXTENSIONS = YES;
				CLANG_ANALYZER_NONNULL = YES;
				CLANG_ANALYZER_NUMBER_OBJECT_CONVERSION = YES_AGGRESSIVE;
				CLANG_CXX_LANGUAGE_STANDARD = "gnu++20";
				CLANG_ENABLE_MODULES = YES;
				CLANG_ENABLE_OBJC_ARC = YES;
				CLANG_ENABLE_OBJC_WEAK = YES;
				CLANG_WARN_BLOCK_CAPTURE_AUTORELEASING = YES;
				CLANG_WARN_BOOL_CONVERSION = YES;
				CLANG_WARN_COMMA = YES;
				CLANG_WARN_CONSTANT_CONVERSION = YES;
				CLANG_WARN_DEPRECATED_OBJC_IMPLEMENTATIONS = YES;
				CLANG_WARN_DIRECT_OBJC_ISA_USAGE = YES_ERROR;
				CLANG_WARN_DOCUMENTATION_COMMENTS = YES;
				CLANG_WARN_EMPTY_BODY = YES;
				CLANG_WARN_ENUM_CONVERSION = YES;
				CLANG_WARN_INFINITE_RECURSION = YES;
				CLANG_WARN_INT_CONVERSION = YES;
				CLANG_WARN_NON_LITERAL_NULL_CONVERSION = YES;
				CLANG_WARN_OBJC_IMPLICIT_RETAIN_SELF = YES;
				CLANG_WARN_OBJC_LITERAL_CONVERSION = YES;
				CLANG_WARN_OBJC_ROOT_CLASS = YES_ERROR;
				CLANG_WARN_QUOTED_INCLUDE_IN_FRAMEWORK_HEADER = YES;
				CLANG_WARN_RANGE_LOOP_ANALYSIS = YES;
				CLANG_WARN_STRICT_PROTOTYPES = YES;
				CLANG_WARN_SUSPICIOUS_MOVE = YES;
				CLANG_WARN_UNGUARDED_AVAILABILITY = YES_AGGRESSIVE;
				CLANG_WARN_UNREACHABLE_CODE = YES;
				CLANG_WARN__DUPLICATE_METHOD_MATCH = YES;
				COPY_PHASE_STRIP = NO;
				DEBUG_INFORMATION_FORMAT = dwarf;
				ENABLE_STRICT_OBJC_MSGSEND = YES;
				ENABLE_TESTABILITY = YES;
				ENABLE_USER_SCRIPT_SANDBOXING = YES;
				GCC_C_LANGUAGE_STANDARD = gnu17;
				GCC_DYNAMIC_NO_PIC = NO;
				GCC_NO_COMMON_BLOCKS = YES;
				GCC_OPTIMIZATION_LEVEL = 0;
				GCC_PREPROCESSOR_DEFINITIONS = (
					"DEBUG=1",
					"$(inherited)",
				);
				GCC_WARN_64_TO_32_BIT_CONVERSION = YES;
				GCC_WARN_ABOUT_RETURN_TYPE = YES_ERROR;
				GCC_WARN_UNDECLARED_SELECTOR = YES;
				GCC_WARN_UNINITIALIZED_AUTOS = YES_AGGRESSIVE;
				GCC_WARN_UNUSED_FUNCTION = YES;
				GCC_WARN_UNUSED_VARIABLE = YES;
				LOCALIZATION_PREFERS_STRING_CATALOGS = YES;
				MACOSX_DEPLOYMENT_TARGET = 15.1;
				MTL_ENABLE_DEBUG_INFO = INCLUDE_SOURCE;
				MTL_FAST_MATH = YES;
				ONLY_ACTIVE_ARCH = YES;
				SDKROOT = macosx;
				SWIFT_ACTIVE_COMPILATION_CONDITIONS = "DEBUG $(inherited)";
				SWIFT_OPTIMIZATION_LEVEL = "-Onone";
			};
			name = Debug;
		};
		459296D02F336FE400926E80 /* Release */ = {
			isa = XCBuildConfiguration;
			buildSettings = {
				ALWAYS_SEARCH_USER_PATHS = NO;
				ASSETCATALOG_COMPILER_GENERATE_SWIFT_ASSET_SYMBOL_EXTENSIONS = YES;
				CLANG_ANALYZER_NONNULL = YES;
				CLANG_ANALYZER_NUMBER_OBJECT_CONVERSION = YES_AGGRESSIVE;
				CLANG_CXX_LANGUAGE_STANDARD = "gnu++20";
				CLANG_ENABLE_MODULES = YES;
				CLANG_ENABLE_OBJC_ARC = YES;
				CLANG_ENABLE_OBJC_WEAK = YES;
				CLANG_WARN_BLOCK_CAPTURE_AUTORELEASING = YES;
				CLANG_WARN_BOOL_CONVERSION = YES;
				CLANG_WARN_COMMA = YES;
				CLANG_WARN_CONSTANT_CONVERSION = YES;
				CLANG_WARN_DEPRECATED_OBJC_IMPLEMENTATIONS = YES;
				CLANG_WARN_DIRECT_OBJC_ISA_USAGE = YES_ERROR;
				CLANG_WARN_DOCUMENTATION_COMMENTS = YES;
				CLANG_WARN_EMPTY_BODY = YES;
				CLANG_WARN_ENUM_CONVERSION = YES;
				CLANG_WARN_INFINITE_RECURSION = YES;
				CLANG_WARN_INT_CONVERSION = YES;
				CLANG_WARN_NON_LITERAL_NULL_CONVERSION = YES;
				CLANG_WARN_OBJC_IMPLICIT_RETAIN_SELF = YES;
				CLANG_WARN_OBJC_LITERAL_CONVERSION = YES;
				CLANG_WARN_OBJC_ROOT_CLASS = YES_ERROR;
				CLANG_WARN_QUOTED_INCLUDE_IN_FRAMEWORK_HEADER = YES;
				CLANG_WARN_RANGE_LOOP_ANALYSIS = YES;
				CLANG_WARN_STRICT_PROTOTYPES = YES;
				CLANG_WARN_SUSPICIOUS_MOVE = YES;
				CLANG_WARN_UNGUARDED_AVAILABILITY = YES_AGGRESSIVE;
				CLANG_WARN_UNREACHABLE_CODE = YES;
				CLANG_WARN__DUPLICATE_METHOD_MATCH = YES;
				COPY_PHASE_STRIP = NO;
				DEBUG_INFORMATION_FORMAT = "dwarf-with-dsym";
				ENABLE_NS_ASSERTIONS = NO;
				ENABLE_STRICT_OBJC_MSGSEND = YES;
				ENABLE_USER_SCRIPT_SANDBOXING = YES;
				GCC_C_LANGUAGE_STANDARD = gnu17;
				GCC_NO_COMMON_BLOCKS = YES;
				GCC_WARN_64_TO_32_BIT_CONVERSION = YES;
				GCC_WARN_ABOUT_RETURN_TYPE = YES_ERROR;
				GCC_WARN_UNDECLARED_SELECTOR = YES;
				GCC_WARN_UNINITIALIZED_AUTOS = YES_AGGRESSIVE;
				GCC_WARN_UNUSED_FUNCTION = YES;
				GCC_WARN_UNUSED_VARIABLE = YES;
				LOCALIZATION_PREFERS_STRING_CATALOGS = YES;
				MACOSX_DEPLOYMENT_TARGET = 15.1;
				MTL_ENABLE_DEBUG_INFO = NO;
				MTL_FAST_MATH = YES;
				SDKROOT = macosx;
				SWIFT_COMPILATION_MODE = wholemodule;
			};
			name = Release;
		};
		459296D22F336FE400926E80 /* Debug */ = {
			isa = XCBuildConfiguration;
			buildSettings = {
				ASSETCATALOG_COMPILER_APPICON_NAME = AppIcon;
				ASSETCATALOG_COMPILER_GLOBAL_ACCENT_COLOR_NAME = AccentColor;
				CODE_SIGN_ENTITLEMENTS = MacOS_FC/MacOS_FC.entitlements;
				CODE_SIGN_STYLE = Automatic;
				COMBINE_HIDPI_IMAGES = YES;
				CURRENT_PROJECT_VERSION = 1;
				DEVELOPMENT_ASSET_PATHS = "\"MacOS_FC/Preview Content\"";
				DEVELOPMENT_TEAM = QUD4727KNJ;
				ENABLE_DEBUG_DYLIB = NO;
				ENABLE_HARDENED_RUNTIME = YES;
				ENABLE_PREVIEWS = NO;
				GENERATE_INFOPLIST_FILE = YES;
				INFOPLIST_FILE = "MacOS-FC-Info.plist";
				INFOPLIST_KEY_NSHumanReadableCopyright = "";
				LD_RUNPATH_SEARCH_PATHS = (
					"$(inherited)",
					"@executable_path/../Frameworks",
				);
				MARKETING_VERSION = 1.0;
				PRODUCT_BUNDLE_IDENTIFIER = "com.HuangSong.MacOS-FC";
				PRODUCT_NAME = "$(TARGET_NAME)";
				SWIFT_EMIT_LOC_STRINGS = YES;
				SWIFT_VERSION = 5.0;
			};
			name = Debug;
		};
		459296D32F336FE400926E80 /* Release */ = {
			isa = XCBuildConfiguration;
			buildSettings = {
				ASSETCATALOG_COMPILER_APPICON_NAME = AppIcon;
				ASSETCATALOG_COMPILER_GLOBAL_ACCENT_COLOR_NAME = AccentColor;
				CODE_SIGN_ENTITLEMENTS = MacOS_FC/MacOS_FC.entitlements;
				CODE_SIGN_STYLE = Automatic;
				COMBINE_HIDPI_IMAGES = YES;
				CURRENT_PROJECT_VERSION = 1;
				DEVELOPMENT_ASSET_PATHS = "\"MacOS_FC/Preview Content\"";
				DEVELOPMENT_TEAM = QUD4727KNJ;
				ENABLE_HARDENED_RUNTIME = YES;
				ENABLE_PREVIEWS = YES;
				GENERATE_INFOPLIST_FILE = YES;
				INFOPLIST_FILE = "MacOS-FC-Info.plist";
				INFOPLIST_KEY_NSHumanReadableCopyright = "";
				LD_RUNPATH_SEARCH_PATHS = (
					"$(inherited)",
					"@executable_path/../Frameworks",
				);
				MARKETING_VERSION = 1.0;
				PRODUCT_BUNDLE_IDENTIFIER = "com.HuangSong.MacOS-FC";
				PRODUCT_NAME = "$(TARGET_NAME)";
				SWIFT_EMIT_LOC_STRINGS = YES;
				SWIFT_VERSION = 5.0;
			};
			name = Release;
		};
		459296D52F336FE400926E80 /* Debug */ = {
			isa = XCBuildConfiguration;
			buildSettings = {
				BUNDLE_LOADER = "$(TEST_HOST)";
				CODE_SIGN_STYLE = Automatic;
				CURRENT_PROJECT_VERSION = 1;
				DEVELOPMENT_TEAM = QUD4727KNJ;
				GENERATE_INFOPLIST_FILE = YES;
				MACOSX_DEPLOYMENT_TARGET = 15.1;
				MARKETING_VERSION = 1.0;
				PRODUCT_BUNDLE_IDENTIFIER = "com.HuangSong.MacOS-FCTests";
				PRODUCT_NAME = "$(TARGET_NAME)";
				SWIFT_EMIT_LOC_STRINGS = NO;
				SWIFT_VERSION = 5.0;
				TEST_HOST = "$(BUILT_PRODUCTS_DIR)/法穿AI.app/$(BUNDLE_EXECUTABLE_FOLDER_PATH)/法穿AI";
			};
			name = Debug;
		};
		459296D62F336FE400926E80 /* Release */ = {
			isa = XCBuildConfiguration;
			buildSettings = {
				BUNDLE_LOADER = "$(TEST_HOST)";
				CODE_SIGN_STYLE = Automatic;
				CURRENT_PROJECT_VERSION = 1;
				DEVELOPMENT_TEAM = QUD4727KNJ;
				GENERATE_INFOPLIST_FILE = YES;
				MACOSX_DEPLOYMENT_TARGET = 15.1;
				MARKETING_VERSION = 1.0;
				PRODUCT_BUNDLE_IDENTIFIER = "com.HuangSong.MacOS-FCTests";
				PRODUCT_NAME = "$(TARGET_NAME)";
				SWIFT_EMIT_LOC_STRINGS = NO;
				SWIFT_VERSION = 5.0;
				TEST_HOST = "$(BUILT_PRODUCTS_DIR)/法穿AI.app/$(BUNDLE_EXECUTABLE_FOLDER_PATH)/法穿AI";
			};
			name = Release;
		};
		459296D82F336FE400926E80 /* Debug */ = {
			isa = XCBuildConfiguration;
			buildSettings = {
				CODE_SIGN_STYLE = Automatic;
				CURRENT_PROJECT_VERSION = 1;
				DEVELOPMENT_TEAM = QUD4727KNJ;
				GENERATE_INFOPLIST_FILE = YES;
				MARKETING_VERSION = 1.0;
				PRODUCT_BUNDLE_IDENTIFIER = "com.HuangSong.MacOS-FCUITests";
				PRODUCT_NAME = "$(TARGET_NAME)";
				SWIFT_EMIT_LOC_STRINGS = NO;
				SWIFT_VERSION = 5.0;
				TEST_TARGET_NAME = MacOS_FC;
			};
			name = Debug;
		};
		459296D92F336FE400926E80 /* Release */ = {
			isa = XCBuildConfiguration;
			buildSettings = {
				CODE_SIGN_STYLE = Automatic;
				CURRENT_PROJECT_VERSION = 1;
				DEVELOPMENT_TEAM = QUD4727KNJ;
				GENERATE_INFOPLIST_FILE = YES;
				MARKETING_VERSION = 1.0;
				PRODUCT_BUNDLE_IDENTIFIER = "com.HuangSong.MacOS-FCUITests";
				PRODUCT_NAME = "$(TARGET_NAME)";
				SWIFT_EMIT_LOC_STRINGS = NO;
				SWIFT_VERSION = 5.0;
				TEST_TARGET_NAME = MacOS_FC;
			};
			name = Release;
		};
		459297162F33768800926E80 /* Debug */ = {
			isa = XCBuildConfiguration;
			buildSettings = {
				CODE_SIGN_ENTITLEMENTS = FinderSyncExtension/FinderSyncExtension.entitlements;
				CODE_SIGN_STYLE = Automatic;
				COMBINE_HIDPI_IMAGES = YES;
				CURRENT_PROJECT_VERSION = 1;
				DEVELOPMENT_TEAM = QUD4727KNJ;
				ENABLE_DEBUG_DYLIB = NO;
				ENABLE_HARDENED_RUNTIME = YES;
				ENABLE_PREVIEWS = NO;
				GENERATE_INFOPLIST_FILE = YES;
				INFOPLIST_FILE = FinderSyncExtension/Info.plist;
				INFOPLIST_KEY_CFBundleDisplayName = "法穿AI";
				INFOPLIST_KEY_NSHumanReadableCopyright = "";
				LD_RUNPATH_SEARCH_PATHS = (
					"$(inherited)",
					"@executable_path/../Frameworks",
					"@executable_path/../../../../Frameworks",
				);
				MARKETING_VERSION = 1.0;
				PRODUCT_BUNDLE_IDENTIFIER = "com.HuangSong.MacOS-FC.FinderSyncExtension";
				PRODUCT_NAME = "$(TARGET_NAME)";
				SKIP_INSTALL = YES;
				SWIFT_EMIT_LOC_STRINGS = YES;
				SWIFT_VERSION = 5.0;
			};
			name = Debug;
		};
		459297172F33768800926E80 /* Release */ = {
			isa = XCBuildConfiguration;
			buildSettings = {
				CODE_SIGN_ENTITLEMENTS = FinderSyncExtension/FinderSyncExtension.entitlements;
				CODE_SIGN_STYLE = Automatic;
				COMBINE_HIDPI_IMAGES = YES;
				CURRENT_PROJECT_VERSION = 1;
				DEVELOPMENT_TEAM = QUD4727KNJ;
				ENABLE_HARDENED_RUNTIME = YES;
				GENERATE_INFOPLIST_FILE = YES;
				INFOPLIST_FILE = FinderSyncExtension/Info.plist;
				INFOPLIST_KEY_CFBundleDisplayName = "法穿AI";
				INFOPLIST_KEY_NSHumanReadableCopyright = "";
				LD_RUNPATH_SEARCH_PATHS = (
					"$(inherited)",
					"@executable_path/../Frameworks",
					"@executable_path/../../../../Frameworks",
				);
				MARKETING_VERSION = 1.0;
				PRODUCT_BUNDLE_IDENTIFIER = "com.HuangSong.MacOS-FC.FinderSyncExtension";
				PRODUCT_NAME = "$(TARGET_NAME)";
				SKIP_INSTALL = YES;
				SWIFT_EMIT_LOC_STRINGS = YES;
				SWIFT_VERSION = 5.0;
			};
			name = Release;
		};
/* End XCBuildConfiguration section */

/* Begin XCConfigurationList section */
		459296A72F336FE300926E80 /* Build configuration list for PBXProject "法穿AI" */ = {
			isa = XCConfigurationList;
			buildConfigurations = (
				459296CF2F336FE400926E80 /* Debug */,
				459296D02F336FE400926E80 /* Release */,
			);
			defaultConfigurationIsVisible = 0;
			defaultConfigurationName = Release;
		};
		459296D12F336FE400926E80 /* Build configuration list for PBXNativeTarget "法穿AI" */ = {
			isa = XCConfigurationList;
			buildConfigurations = (
				459296D22F336FE400926E80 /* Debug */,
				459296D32F336FE400926E80 /* Release */,
			);
			defaultConfigurationIsVisible = 0;
			defaultConfigurationName = Release;
		};
		459296D42F336FE400926E80 /* Build configuration list for PBXNativeTarget "法穿AITests" */ = {
			isa = XCConfigurationList;
			buildConfigurations = (
				459296D52F336FE400926E80 /* Debug */,
				459296D62F336FE400926E80 /* Release */,
			);
			defaultConfigurationIsVisible = 0;
			defaultConfigurationName = Release;
		};
		459296D72F336FE400926E80 /* Build configuration list for PBXNativeTarget "法穿AIUITests" */ = {
			isa = XCConfigurationList;
			buildConfigurations = (
				459296D82F336FE400926E80 /* Debug */,
				459296D92F336FE400926E80 /* Release */,
			);
			defaultConfigurationIsVisible = 0;
			defaultConfigurationName = Release;
		};
		459297152F33768800926E80 /* Build configuration list for PBXNativeTarget "FinderSyncExtension" */ = {
			isa = XCConfigurationList;
			buildConfigurations = (
				459297162F33768800926E80 /* Debug */,
				459297172F33768800926E80 /* Release */,
			);
			defaultConfigurationIsVisible = 0;
			defaultConfigurationName = Release;
		};
/* End XCConfigurationList section */
	};
	rootObject = 459296A42F336FE300926E80 /* Project object */;
}
